// !$*UTF8*$!
{
	archiveVersion = 1;
	classes = {
	};
	objectVersion = 46;
	objects = {

/* Begin PBXBuildFile section */
		A91CCC3119D93D0200FB2C0C /* Foundation.framework in Frameworks */ = {isa = PBXBuildFile; fileRef = A91CCC3019D93D0200FB2C0C /* Foundation.framework */; };
		A91CCC3319D93D0200FB2C0C /* CoreGraphics.framework in Frameworks */ = {isa = PBXBuildFile; fileRef = A91CCC3219D93D0200FB2C0C /* CoreGraphics.framework */; };
		A91CCC3519D93D0200FB2C0C /* UIKit.framework in Frameworks */ = {isa = PBXBuildFile; fileRef = A91CCC3419D93D0200FB2C0C /* UIKit.framework */; };
		A91CCC3B19D93D0200FB2C0C /* InfoPlist.strings in Resources */ = {isa = PBXBuildFile; fileRef = A91CCC3919D93D0200FB2C0C /* InfoPlist.strings */; };
		A91CCC3D19D93D0200FB2C0C /* main.m in Sources */ = {isa = PBXBuildFile; fileRef = A91CCC3C19D93D0200FB2C0C /* main.m */; };
		A91CCC4119D93D0200FB2C0C /* ppAppDelegate.m in Sources */ = {isa = PBXBuildFile; fileRef = A91CCC4019D93D0200FB2C0C /* ppAppDelegate.m */; };
		A91CCC4719D93D0200FB2C0C /* ppViewController.m in Sources */ = {isa = PBXBuildFile; fileRef = A91CCC4619D93D0200FB2C0C /* ppViewController.m */; };
		A91CCC4919D93D0200FB2C0C /* Images.xcassets in Resources */ = {isa = PBXBuildFile; fileRef = A91CCC4819D93D0200FB2C0C /* Images.xcassets */; };
		A91CCC5019D93D0200FB2C0C /* XCTest.framework in Frameworks */ = {isa = PBXBuildFile; fileRef = A91CCC4F19D93D0200FB2C0C /* XCTest.framework */; };
		A91CCC5119D93D0200FB2C0C /* Foundation.framework in Frameworks */ = {isa = PBXBuildFile; fileRef = A91CCC3019D93D0200FB2C0C /* Foundation.framework */; };
		A91CCC5219D93D0200FB2C0C /* UIKit.framework in Frameworks */ = {isa = PBXBuildFile; fileRef = A91CCC3419D93D0200FB2C0C /* UIKit.framework */; };
		A91CCC5A19D93D0200FB2C0C /* InfoPlist.strings in Resources */ = {isa = PBXBuildFile; fileRef = A91CCC5819D93D0200FB2C0C /* InfoPlist.strings */; };
		A91CCC5C19D93D0200FB2C0C /* cxzyzTests.m in Sources */ = {isa = PBXBuildFile; fileRef = A91CCC5B19D93D0200FB2C0C /* cxzyzTests.m */; };
		A91CCC6819D93D6400FB2C0C /* ppSigninViewController.m in Sources */ = {isa = PBXBuildFile; fileRef = A91CCC6619D93D6400FB2C0C /* ppSigninViewController.m */; };
		A91CCC6919D93D6400FB2C0C /* ppSigninViewController.xib in Resources */ = {isa = PBXBuildFile; fileRef = A91CCC6719D93D6400FB2C0C /* ppSigninViewController.xib */; };
		A91CCC6D19D93FC100FB2C0C /* ppMenuViewController.m in Sources */ = {isa = PBXBuildFile; fileRef = A91CCC6B19D93FC100FB2C0C /* ppMenuViewController.m */; };
		A91CCC6E19D93FC100FB2C0C /* ppMenuViewController.xib in Resources */ = {isa = PBXBuildFile; fileRef = A91CCC6C19D93FC100FB2C0C /* ppMenuViewController.xib */; };
		A95F499919D96D7C00EF307C /* abc.png in Resources */ = {isa = PBXBuildFile; fileRef = A95F499819D96D7C00EF307C /* abc.png */; };
		A95F499B19D96EC700EF307C /* text.html in Resources */ = {isa = PBXBuildFile; fileRef = A95F499A19D96EC700EF307C /* text.html */; };
		A97219F319EBA8020031E0AB /* QBFlatButton.m in Sources */ = {isa = PBXBuildFile; fileRef = A97219F219EBA8020031E0AB /* QBFlatButton.m */; };
		A97219F719EBAB130031E0AB /* ppMyProfileViewController.m in Sources */ = {isa = PBXBuildFile; fileRef = A97219F519EBAB130031E0AB /* ppMyProfileViewController.m */; };
		A97219F819EBAB130031E0AB /* ppMyProfileViewController.xib in Resources */ = {isa = PBXBuildFile; fileRef = A97219F619EBAB130031E0AB /* ppMyProfileViewController.xib */; };
		A97219FA19EBADEC0031E0AB /* background.png in Resources */ = {isa = PBXBuildFile; fileRef = A97219F919EBADEC0031E0AB /* background.png */; };
		A97219FE19EBBE180031E0AB /* ppCardReaderViewController.m in Sources */ = {isa = PBXBuildFile; fileRef = A97219FC19EBBE180031E0AB /* ppCardReaderViewController.m */; };
		A97219FF19EBBE180031E0AB /* ppCardReaderViewController.xib in Resources */ = {isa = PBXBuildFile; fileRef = A97219FD19EBBE180031E0AB /* ppCardReaderViewController.xib */; };
		A99820F119EBC7D500A8F2B2 /* icon.jpg in Resources */ = {isa = PBXBuildFile; fileRef = A99820F019EBC7D500A8F2B2 /* icon.jpg */; };
		A99820F319EBC88100A8F2B2 /* Icon.png in Resources */ = {isa = PBXBuildFile; fileRef = A99820F219EBC88100A8F2B2 /* Icon.png */; };
		A9A5636119EB5A5D00DC3449 /* loginback.png in Resources */ = {isa = PBXBuildFile; fileRef = A9A5636019EB5A5D00DC3449 /* loginback.png */; };
		A9A5636519EB62B800DC3449 /* ppRegisterViewController.m in Sources */ = {isa = PBXBuildFile; fileRef = A9A5636319EB62B800DC3449 /* ppRegisterViewController.m */; };
		A9A5636619EB62B800DC3449 /* ppRegisterViewController.xib in Resources */ = {isa = PBXBuildFile; fileRef = A9A5636419EB62B800DC3449 /* ppRegisterViewController.xib */; };
		A9A5636819EB68DE00DC3449 /* menubackground.jpg in Resources */ = {isa = PBXBuildFile; fileRef = A9A5636719EB68DE00DC3449 /* menubackground.jpg */; };
		A9A5636C19EB707700DC3449 /* ppMoreOptionsViewController.m in Sources */ = {isa = PBXBuildFile; fileRef = A9A5636A19EB707700DC3449 /* ppMoreOptionsViewController.m */; };
		A9A5636D19EB707700DC3449 /* ppMoreOptionsViewController.xib in Resources */ = {isa = PBXBuildFile; fileRef = A9A5636B19EB707700DC3449 /* ppMoreOptionsViewController.xib */; };
		A9A5637119EB755D00DC3449 /* ppMyProjectsViewController.m in Sources */ = {isa = PBXBuildFile; fileRef = A9A5636F19EB755D00DC3449 /* ppMyProjectsViewController.m */; };
		A9A5637219EB755D00DC3449 /* ppMyProjectsViewController.xib in Resources */ = {isa = PBXBuildFile; fileRef = A9A5637019EB755D00DC3449 /* ppMyProjectsViewController.xib */; };
		A9ED802119D95DE300100351 /* ppProjectLIstViewController.m in Sources */ = {isa = PBXBuildFile; fileRef = A9ED801F19D95DE300100351 /* ppProjectLIstViewController.m */; };
		A9ED802219D95DE300100351 /* ppProjectLIstViewController.xib in Resources */ = {isa = PBXBuildFile; fileRef = A9ED802019D95DE300100351 /* ppProjectLIstViewController.xib */; };
		A9ED802619D9672900100351 /* ppProjectDetailViewController.m in Sources */ = {isa = PBXBuildFile; fileRef = A9ED802419D9672900100351 /* ppProjectDetailViewController.m */; };
		A9ED802719D9672900100351 /* ppProjectDetailViewController.xib in Resources */ = {isa = PBXBuildFile; fileRef = A9ED802519D9672900100351 /* ppProjectDetailViewController.xib */; };
		A9F7711619D9455100B0B111 /* AFHTTPRequestOperation.m in Sources */ = {isa = PBXBuildFile; fileRef = A9F7710419D9455100B0B111 /* AFHTTPRequestOperation.m */; };
		A9F7711719D9455100B0B111 /* AFHTTPRequestOperationManager.m in Sources */ = {isa = PBXBuildFile; fileRef = A9F7710619D9455100B0B111 /* AFHTTPRequestOperationManager.m */; };
		A9F7711819D9455100B0B111 /* AFHTTPSessionManager.m in Sources */ = {isa = PBXBuildFile; fileRef = A9F7710819D9455100B0B111 /* AFHTTPSessionManager.m */; };
		A9F7711919D9455200B0B111 /* AFNetworkReachabilityManager.m in Sources */ = {isa = PBXBuildFile; fileRef = A9F7710B19D9455100B0B111 /* AFNetworkReachabilityManager.m */; };
		A9F7711A19D9455200B0B111 /* AFSecurityPolicy.m in Sources */ = {isa = PBXBuildFile; fileRef = A9F7710D19D9455100B0B111 /* AFSecurityPolicy.m */; };
		A9F7711B19D9455200B0B111 /* AFURLConnectionOperation.m in Sources */ = {isa = PBXBuildFile; fileRef = A9F7710F19D9455100B0B111 /* AFURLConnectionOperation.m */; };
		A9F7711C19D9455200B0B111 /* AFURLRequestSerialization.m in Sources */ = {isa = PBXBuildFile; fileRef = A9F7711119D9455100B0B111 /* AFURLRequestSerialization.m */; };
		A9F7711D19D9455200B0B111 /* AFURLResponseSerialization.m in Sources */ = {isa = PBXBuildFile; fileRef = A9F7711319D9455100B0B111 /* AFURLResponseSerialization.m */; };
		A9F7711E19D9455200B0B111 /* AFURLSessionManager.m in Sources */ = {isa = PBXBuildFile; fileRef = A9F7711519D9455100B0B111 /* AFURLSessionManager.m */; };
/* End PBXBuildFile section */

/* Begin PBXContainerItemProxy section */
		A91CCC5319D93D0200FB2C0C /* PBXContainerItemProxy */ = {
			isa = PBXContainerItemProxy;
			containerPortal = A91CCC2519D93D0200FB2C0C /* Project object */;
			proxyType = 1;
			remoteGlobalIDString = A91CCC2C19D93D0200FB2C0C;
			remoteInfo = cxzyz;
		};
/* End PBXContainerItemProxy section */

/* Begin PBXFileReference section */
		A91CCC2D19D93D0200FB2C0C /* cxzyz.app */ = {isa = PBXFileReference; explicitFileType = wrapper.application; includeInIndex = 0; path = cxzyz.app; sourceTree = BUILT_PRODUCTS_DIR; };
		A91CCC3019D93D0200FB2C0C /* Foundation.framework */ = {isa = PBXFileReference; lastKnownFileType = wrapper.framework; name = Foundation.framework; path = System/Library/Frameworks/Foundation.framework; sourceTree = SDKROOT; };
		A91CCC3219D93D0200FB2C0C /* CoreGraphics.framework */ = {isa = PBXFileReference; lastKnownFileType = wrapper.framework; name = CoreGraphics.framework; path = System/Library/Frameworks/CoreGraphics.framework; sourceTree = SDKROOT; };
		A91CCC3419D93D0200FB2C0C /* UIKit.framework */ = {isa = PBXFileReference; lastKnownFileType = wrapper.framework; name = UIKit.framework; path = System/Library/Frameworks/UIKit.framework; sourceTree = SDKROOT; };
		A91CCC3819D93D0200FB2C0C /* cxzyz-Info.plist */ = {isa = PBXFileReference; lastKnownFileType = text.plist.xml; path = "cxzyz-Info.plist"; sourceTree = "<group>"; };
		A91CCC3A19D93D0200FB2C0C /* en */ = {isa = PBXFileReference; lastKnownFileType = text.plist.strings; name = en; path = en.lproj/InfoPlist.strings; sourceTree = "<group>"; };
		A91CCC3C19D93D0200FB2C0C /* main.m */ = {isa = PBXFileReference; lastKnownFileType = sourcecode.c.objc; path = main.m; sourceTree = "<group>"; };
		A91CCC3E19D93D0200FB2C0C /* cxzyz-Prefix.pch */ = {isa = PBXFileReference; lastKnownFileType = sourcecode.c.h; path = "cxzyz-Prefix.pch"; sourceTree = "<group>"; };
		A91CCC3F19D93D0200FB2C0C /* ppAppDelegate.h */ = {isa = PBXFileReference; lastKnownFileType = sourcecode.c.h; path = ppAppDelegate.h; sourceTree = "<group>"; };
		A91CCC4019D93D0200FB2C0C /* ppAppDelegate.m */ = {isa = PBXFileReference; lastKnownFileType = sourcecode.c.objc; path = ppAppDelegate.m; sourceTree = "<group>"; };
		A91CCC4519D93D0200FB2C0C /* ppViewController.h */ = {isa = PBXFileReference; lastKnownFileType = sourcecode.c.h; path = ppViewController.h; sourceTree = "<group>"; };
		A91CCC4619D93D0200FB2C0C /* ppViewController.m */ = {isa = PBXFileReference; lastKnownFileType = sourcecode.c.objc; path = ppViewController.m; sourceTree = "<group>"; };
		A91CCC4819D93D0200FB2C0C /* Images.xcassets */ = {isa = PBXFileReference; lastKnownFileType = folder.assetcatalog; path = Images.xcassets; sourceTree = "<group>"; };
		A91CCC4E19D93D0200FB2C0C /* cxzyzTests.xctest */ = {isa = PBXFileReference; explicitFileType = wrapper.cfbundle; includeInIndex = 0; path = cxzyzTests.xctest; sourceTree = BUILT_PRODUCTS_DIR; };
		A91CCC4F19D93D0200FB2C0C /* XCTest.framework */ = {isa = PBXFileReference; lastKnownFileType = wrapper.framework; name = XCTest.framework; path = Library/Frameworks/XCTest.framework; sourceTree = DEVELOPER_DIR; };
		A91CCC5719D93D0200FB2C0C /* cxzyzTests-Info.plist */ = {isa = PBXFileReference; lastKnownFileType = text.plist.xml; path = "cxzyzTests-Info.plist"; sourceTree = "<group>"; };
		A91CCC5919D93D0200FB2C0C /* en */ = {isa = PBXFileReference; lastKnownFileType = text.plist.strings; name = en; path = en.lproj/InfoPlist.strings; sourceTree = "<group>"; };
		A91CCC5B19D93D0200FB2C0C /* cxzyzTests.m */ = {isa = PBXFileReference; lastKnownFileType = sourcecode.c.objc; path = cxzyzTests.m; sourceTree = "<group>"; };
		A91CCC6519D93D6400FB2C0C /* ppSigninViewController.h */ = {isa = PBXFileReference; fileEncoding = 4; lastKnownFileType = sourcecode.c.h; path = ppSigninViewController.h; sourceTree = "<group>"; };
		A91CCC6619D93D6400FB2C0C /* ppSigninViewController.m */ = {isa = PBXFileReference; fileEncoding = 4; lastKnownFileType = sourcecode.c.objc; path = ppSigninViewController.m; sourceTree = "<group>"; };
		A91CCC6719D93D6400FB2C0C /* ppSigninViewController.xib */ = {isa = PBXFileReference; fileEncoding = 4; lastKnownFileType = file.xib; path = ppSigninViewController.xib; sourceTree = "<group>"; };
		A91CCC6A19D93FC100FB2C0C /* ppMenuViewController.h */ = {isa = PBXFileReference; fileEncoding = 4; lastKnownFileType = sourcecode.c.h; path = ppMenuViewController.h; sourceTree = "<group>"; };
		A91CCC6B19D93FC100FB2C0C /* ppMenuViewController.m */ = {isa = PBXFileReference; fileEncoding = 4; lastKnownFileType = sourcecode.c.objc; path = ppMenuViewController.m; sourceTree = "<group>"; };
		A91CCC6C19D93FC100FB2C0C /* ppMenuViewController.xib */ = {isa = PBXFileReference; fileEncoding = 4; lastKnownFileType = file.xib; path = ppMenuViewController.xib; sourceTree = "<group>"; };
		A95F499819D96D7C00EF307C /* abc.png */ = {isa = PBXFileReference; lastKnownFileType = image.png; path = abc.png; sourceTree = "<group>"; };
		A95F499A19D96EC700EF307C /* text.html */ = {isa = PBXFileReference; fileEncoding = 4; lastKnownFileType = text.html; path = text.html; sourceTree = "<group>"; };
		A97219F119EBA8020031E0AB /* QBFlatButton.h */ = {isa = PBXFileReference; fileEncoding = 4; lastKnownFileType = sourcecode.c.h; path = QBFlatButton.h; sourceTree = "<group>"; };
		A97219F219EBA8020031E0AB /* QBFlatButton.m */ = {isa = PBXFileReference; fileEncoding = 4; lastKnownFileType = sourcecode.c.objc; path = QBFlatButton.m; sourceTree = "<group>"; };
		A97219F419EBAB130031E0AB /* ppMyProfileViewController.h */ = {isa = PBXFileReference; fileEncoding = 4; lastKnownFileType = sourcecode.c.h; path = ppMyProfileViewController.h; sourceTree = "<group>"; };
		A97219F519EBAB130031E0AB /* ppMyProfileViewController.m */ = {isa = PBXFileReference; fileEncoding = 4; lastKnownFileType = sourcecode.c.objc; path = ppMyProfileViewController.m; sourceTree = "<group>"; };
		A97219F619EBAB130031E0AB /* ppMyProfileViewController.xib */ = {isa = PBXFileReference; fileEncoding = 4; lastKnownFileType = file.xib; path = ppMyProfileViewController.xib; sourceTree = "<group>"; };
		A97219F919EBADEC0031E0AB /* background.png */ = {isa = PBXFileReference; lastKnownFileType = image.png; path = background.png; sourceTree = "<group>"; };
		A97219FB19EBBE180031E0AB /* ppCardReaderViewController.h */ = {isa = PBXFileReference; fileEncoding = 4; lastKnownFileType = sourcecode.c.h; path = ppCardReaderViewController.h; sourceTree = "<group>"; };
		A97219FC19EBBE180031E0AB /* ppCardReaderViewController.m */ = {isa = PBXFileReference; fileEncoding = 4; lastKnownFileType = sourcecode.c.objc; path = ppCardReaderViewController.m; sourceTree = "<group>"; };
		A97219FD19EBBE180031E0AB /* ppCardReaderViewController.xib */ = {isa = PBXFileReference; fileEncoding = 4; lastKnownFileType = file.xib; path = ppCardReaderViewController.xib; sourceTree = "<group>"; };
		A99820F019EBC7D500A8F2B2 /* icon.jpg */ = {isa = PBXFileReference; lastKnownFileType = image.jpeg; path = icon.jpg; sourceTree = "<group>"; };
		A99820F219EBC88100A8F2B2 /* Icon.png */ = {isa = PBXFileReference; lastKnownFileType = image.png; path = Icon.png; sourceTree = "<group>"; };
		A9A5636019EB5A5D00DC3449 /* loginback.png */ = {isa = PBXFileReference; lastKnownFileType = image.png; path = loginback.png; sourceTree = "<group>"; };
		A9A5636219EB62B800DC3449 /* ppRegisterViewController.h */ = {isa = PBXFileReference; fileEncoding = 4; lastKnownFileType = sourcecode.c.h; path = ppRegisterViewController.h; sourceTree = "<group>"; };
		A9A5636319EB62B800DC3449 /* ppRegisterViewController.m */ = {isa = PBXFileReference; fileEncoding = 4; lastKnownFileType = sourcecode.c.objc; path = ppRegisterViewController.m; sourceTree = "<group>"; };
		A9A5636419EB62B800DC3449 /* ppRegisterViewController.xib */ = {isa = PBXFileReference; fileEncoding = 4; lastKnownFileType = file.xib; path = ppRegisterViewController.xib; sourceTree = "<group>"; };
		A9A5636719EB68DE00DC3449 /* menubackground.jpg */ = {isa = PBXFileReference; lastKnownFileType = image.jpeg; path = menubackground.jpg; sourceTree = "<group>"; };
		A9A5636919EB707700DC3449 /* ppMoreOptionsViewController.h */ = {isa = PBXFileReference; fileEncoding = 4; lastKnownFileType = sourcecode.c.h; path = ppMoreOptionsViewController.h; sourceTree = "<group>"; };
		A9A5636A19EB707700DC3449 /* ppMoreOptionsViewController.m */ = {isa = PBXFileReference; fileEncoding = 4; lastKnownFileType = sourcecode.c.objc; path = ppMoreOptionsViewController.m; sourceTree = "<group>"; };
		A9A5636B19EB707700DC3449 /* ppMoreOptionsViewController.xib */ = {isa = PBXFileReference; fileEncoding = 4; lastKnownFileType = file.xib; path = ppMoreOptionsViewController.xib; sourceTree = "<group>"; };
		A9A5636E19EB755D00DC3449 /* ppMyProjectsViewController.h */ = {isa = PBXFileReference; fileEncoding = 4; lastKnownFileType = sourcecode.c.h; path = ppMyProjectsViewController.h; sourceTree = "<group>"; };
		A9A5636F19EB755D00DC3449 /* ppMyProjectsViewController.m */ = {isa = PBXFileReference; fileEncoding = 4; lastKnownFileType = sourcecode.c.objc; path = ppMyProjectsViewController.m; sourceTree = "<group>"; };
		A9A5637019EB755D00DC3449 /* ppMyProjectsViewController.xib */ = {isa = PBXFileReference; fileEncoding = 4; lastKnownFileType = file.xib; path = ppMyProjectsViewController.xib; sourceTree = "<group>"; };
		A9ED801E19D95DE300100351 /* ppProjectLIstViewController.h */ = {isa = PBXFileReference; fileEncoding = 4; lastKnownFileType = sourcecode.c.h; name = ppProjectLIstViewController.h; path = ../ppProjectLIstViewController.h; sourceTree = "<group>"; };
		A9ED801F19D95DE300100351 /* ppProjectLIstViewController.m */ = {isa = PBXFileReference; fileEncoding = 4; lastKnownFileType = sourcecode.c.objc; name = ppProjectLIstViewController.m; path = ../ppProjectLIstViewController.m; sourceTree = "<group>"; };
		A9ED802019D95DE300100351 /* ppProjectLIstViewController.xib */ = {isa = PBXFileReference; fileEncoding = 4; lastKnownFileType = file.xib; name = ppProjectLIstViewController.xib; path = ../ppProjectLIstViewController.xib; sourceTree = "<group>"; };
		A9ED802319D9672900100351 /* ppProjectDetailViewController.h */ = {isa = PBXFileReference; fileEncoding = 4; lastKnownFileType = sourcecode.c.h; path = ppProjectDetailViewController.h; sourceTree = "<group>"; };
		A9ED802419D9672900100351 /* ppProjectDetailViewController.m */ = {isa = PBXFileReference; fileEncoding = 4; lastKnownFileType = sourcecode.c.objc; path = ppProjectDetailViewController.m; sourceTree = "<group>"; };
		A9ED802519D9672900100351 /* ppProjectDetailViewController.xib */ = {isa = PBXFileReference; fileEncoding = 4; lastKnownFileType = file.xib; path = ppProjectDetailViewController.xib; sourceTree = "<group>"; };
		A9F7710319D9455100B0B111 /* AFHTTPRequestOperation.h */ = {isa = PBXFileReference; fileEncoding = 4; lastKnownFileType = sourcecode.c.h; path = AFHTTPRequestOperation.h; sourceTree = "<group>"; };
		A9F7710419D9455100B0B111 /* AFHTTPRequestOperation.m */ = {isa = PBXFileReference; fileEncoding = 4; lastKnownFileType = sourcecode.c.objc; path = AFHTTPRequestOperation.m; sourceTree = "<group>"; };
		A9F7710519D9455100B0B111 /* AFHTTPRequestOperationManager.h */ = {isa = PBXFileReference; fileEncoding = 4; lastKnownFileType = sourcecode.c.h; path = AFHTTPRequestOperationManager.h; sourceTree = "<group>"; };
		A9F7710619D9455100B0B111 /* AFHTTPRequestOperationManager.m */ = {isa = PBXFileReference; fileEncoding = 4; lastKnownFileType = sourcecode.c.objc; path = AFHTTPRequestOperationManager.m; sourceTree = "<group>"; };
		A9F7710719D9455100B0B111 /* AFHTTPSessionManager.h */ = {isa = PBXFileReference; fileEncoding = 4; lastKnownFileType = sourcecode.c.h; path = AFHTTPSessionManager.h; sourceTree = "<group>"; };
		A9F7710819D9455100B0B111 /* AFHTTPSessionManager.m */ = {isa = PBXFileReference; fileEncoding = 4; lastKnownFileType = sourcecode.c.objc; path = AFHTTPSessionManager.m; sourceTree = "<group>"; };
		A9F7710919D9455100B0B111 /* AFNetworking.h */ = {isa = PBXFileReference; fileEncoding = 4; lastKnownFileType = sourcecode.c.h; path = AFNetworking.h; sourceTree = "<group>"; };
		A9F7710A19D9455100B0B111 /* AFNetworkReachabilityManager.h */ = {isa = PBXFileReference; fileEncoding = 4; lastKnownFileType = sourcecode.c.h; path = AFNetworkReachabilityManager.h; sourceTree = "<group>"; };
		A9F7710B19D9455100B0B111 /* AFNetworkReachabilityManager.m */ = {isa = PBXFileReference; fileEncoding = 4; lastKnownFileType = sourcecode.c.objc; path = AFNetworkReachabilityManager.m; sourceTree = "<group>"; };
		A9F7710C19D9455100B0B111 /* AFSecurityPolicy.h */ = {isa = PBXFileReference; fileEncoding = 4; lastKnownFileType = sourcecode.c.h; path = AFSecurityPolicy.h; sourceTree = "<group>"; };
		A9F7710D19D9455100B0B111 /* AFSecurityPolicy.m */ = {isa = PBXFileReference; fileEncoding = 4; lastKnownFileType = sourcecode.c.objc; path = AFSecurityPolicy.m; sourceTree = "<group>"; };
		A9F7710E19D9455100B0B111 /* AFURLConnectionOperation.h */ = {isa = PBXFileReference; fileEncoding = 4; lastKnownFileType = sourcecode.c.h; path = AFURLConnectionOperation.h; sourceTree = "<group>"; };
		A9F7710F19D9455100B0B111 /* AFURLConnectionOperation.m */ = {isa = PBXFileReference; fileEncoding = 4; lastKnownFileType = sourcecode.c.objc; path = AFURLConnectionOperation.m; sourceTree = "<group>"; };
		A9F7711019D9455100B0B111 /* AFURLRequestSerialization.h */ = {isa = PBXFileReference; fileEncoding = 4; lastKnownFileType = sourcecode.c.h; path = AFURLRequestSerialization.h; sourceTree = "<group>"; };
		A9F7711119D9455100B0B111 /* AFURLRequestSerialization.m */ = {isa = PBXFileReference; fileEncoding = 4; lastKnownFileType = sourcecode.c.objc; path = AFURLRequestSerialization.m; sourceTree = "<group>"; };
		A9F7711219D9455100B0B111 /* AFURLResponseSerialization.h */ = {isa = PBXFileReference; fileEncoding = 4; lastKnownFileType = sourcecode.c.h; path = AFURLResponseSerialization.h; sourceTree = "<group>"; };
		A9F7711319D9455100B0B111 /* AFURLResponseSerialization.m */ = {isa = PBXFileReference; fileEncoding = 4; lastKnownFileType = sourcecode.c.objc; path = AFURLResponseSerialization.m; sourceTree = "<group>"; };
		A9F7711419D9455100B0B111 /* AFURLSessionManager.h */ = {isa = PBXFileReference; fileEncoding = 4; lastKnownFileType = sourcecode.c.h; path = AFURLSessionManager.h; sourceTree = "<group>"; };
		A9F7711519D9455100B0B111 /* AFURLSessionManager.m */ = {isa = PBXFileReference; fileEncoding = 4; lastKnownFileType = sourcecode.c.objc; path = AFURLSessionManager.m; sourceTree = "<group>"; };
/* End PBXFileReference section */

/* Begin PBXFrameworksBuildPhase section */
		A91CCC2A19D93D0200FB2C0C /* Frameworks */ = {
			isa = PBXFrameworksBuildPhase;
			buildActionMask = 2147483647;
			files = (
				A91CCC3319D93D0200FB2C0C /* CoreGraphics.framework in Frameworks */,
				A91CCC3519D93D0200FB2C0C /* UIKit.framework in Frameworks */,
				A91CCC3119D93D0200FB2C0C /* Foundation.framework in Frameworks */,
			);
			runOnlyForDeploymentPostprocessing = 0;
		};
		A91CCC4B19D93D0200FB2C0C /* Frameworks */ = {
			isa = PBXFrameworksBuildPhase;
			buildActionMask = 2147483647;
			files = (
				A91CCC5019D93D0200FB2C0C /* XCTest.framework in Frameworks */,
				A91CCC5219D93D0200FB2C0C /* UIKit.framework in Frameworks */,
				A91CCC5119D93D0200FB2C0C /* Foundation.framework in Frameworks */,
			);
			runOnlyForDeploymentPostprocessing = 0;
		};
/* End PBXFrameworksBuildPhase section */

/* Begin PBXGroup section */
		A91CCC2419D93D0200FB2C0C = {
			isa = PBXGroup;
			children = (
				A99820F019EBC7D500A8F2B2 /* icon.jpg */,
				A99820F219EBC88100A8F2B2 /* Icon.png */,
				A97219F919EBADEC0031E0AB /* background.png */,
				A95F499A19D96EC700EF307C /* text.html */,
				A95F499819D96D7C00EF307C /* abc.png */,
				A9F7710219D9455100B0B111 /* AFNetworking */,
				A91CCC3619D93D0200FB2C0C /* cxzyz */,
				A91CCC5519D93D0200FB2C0C /* cxzyzTests */,
				A91CCC2F19D93D0200FB2C0C /* Frameworks */,
				A91CCC2E19D93D0200FB2C0C /* Products */,
			);
			sourceTree = "<group>";
		};
		A91CCC2E19D93D0200FB2C0C /* Products */ = {
			isa = PBXGroup;
			children = (
				A91CCC2D19D93D0200FB2C0C /* cxzyz.app */,
				A91CCC4E19D93D0200FB2C0C /* cxzyzTests.xctest */,
			);
			name = Products;
			sourceTree = "<group>";
		};
		A91CCC2F19D93D0200FB2C0C /* Frameworks */ = {
			isa = PBXGroup;
			children = (
				A91CCC3019D93D0200FB2C0C /* Foundation.framework */,
				A91CCC3219D93D0200FB2C0C /* CoreGraphics.framework */,
				A91CCC3419D93D0200FB2C0C /* UIKit.framework */,
				A91CCC4F19D93D0200FB2C0C /* XCTest.framework */,
			);
			name = Frameworks;
			sourceTree = "<group>";
		};
		A91CCC3619D93D0200FB2C0C /* cxzyz */ = {
			isa = PBXGroup;
			children = (
				A97219F119EBA8020031E0AB /* QBFlatButton.h */,
				A97219F219EBA8020031E0AB /* QBFlatButton.m */,
				A9A5636719EB68DE00DC3449 /* menubackground.jpg */,
				A9A5636019EB5A5D00DC3449 /* loginback.png */,
				A91CCC3F19D93D0200FB2C0C /* ppAppDelegate.h */,
				A91CCC4019D93D0200FB2C0C /* ppAppDelegate.m */,
				A91CCC4519D93D0200FB2C0C /* ppViewController.h */,
				A91CCC4619D93D0200FB2C0C /* ppViewController.m */,
				A91CCC4819D93D0200FB2C0C /* Images.xcassets */,
				A91CCC3719D93D0200FB2C0C /* Supporting Files */,
				A91CCC6519D93D6400FB2C0C /* ppSigninViewController.h */,
				A91CCC6619D93D6400FB2C0C /* ppSigninViewController.m */,
				A91CCC6719D93D6400FB2C0C /* ppSigninViewController.xib */,
				A9A5636919EB707700DC3449 /* ppMoreOptionsViewController.h */,
				A9A5636A19EB707700DC3449 /* ppMoreOptionsViewController.m */,
				A9A5636B19EB707700DC3449 /* ppMoreOptionsViewController.xib */,
				A91CCC6A19D93FC100FB2C0C /* ppMenuViewController.h */,
				A91CCC6B19D93FC100FB2C0C /* ppMenuViewController.m */,
				A91CCC6C19D93FC100FB2C0C /* ppMenuViewController.xib */,
				A9ED801E19D95DE300100351 /* ppProjectLIstViewController.h */,
				A9ED801F19D95DE300100351 /* ppProjectLIstViewController.m */,
				A9ED802019D95DE300100351 /* ppProjectLIstViewController.xib */,
				A9ED802319D9672900100351 /* ppProjectDetailViewController.h */,
				A9ED802419D9672900100351 /* ppProjectDetailViewController.m */,
				A9ED802519D9672900100351 /* ppProjectDetailViewController.xib */,
				A9A5636219EB62B800DC3449 /* ppRegisterViewController.h */,
				A9A5636319EB62B800DC3449 /* ppRegisterViewController.m */,
				A9A5636419EB62B800DC3449 /* ppRegisterViewController.xib */,
				A9A5636E19EB755D00DC3449 /* ppMyProjectsViewController.h */,
				A9A5636F19EB755D00DC3449 /* ppMyProjectsViewController.m */,
				A9A5637019EB755D00DC3449 /* ppMyProjectsViewController.xib */,
				A97219F419EBAB130031E0AB /* ppMyProfileViewController.h */,
				A97219F519EBAB130031E0AB /* ppMyProfileViewController.m */,
				A97219F619EBAB130031E0AB /* ppMyProfileViewController.xib */,
				A97219FB19EBBE180031E0AB /* ppCardReaderViewController.h */,
				A97219FC19EBBE180031E0AB /* ppCardReaderViewController.m */,
				A97219FD19EBBE180031E0AB /* ppCardReaderViewController.xib */,
			);
			path = cxzyz;
			sourceTree = "<group>";
		};
		A91CCC3719D93D0200FB2C0C /* Supporting Files */ = {
			isa = PBXGroup;
			children = (
				A91CCC3819D93D0200FB2C0C /* cxzyz-Info.plist */,
				A91CCC3919D93D0200FB2C0C /* InfoPlist.strings */,
				A91CCC3C19D93D0200FB2C0C /* main.m */,
				A91CCC3E19D93D0200FB2C0C /* cxzyz-Prefix.pch */,
			);
			name = "Supporting Files";
			sourceTree = "<group>";
		};
		A91CCC5519D93D0200FB2C0C /* cxzyzTests */ = {
			isa = PBXGroup;
			children = (
				A91CCC5B19D93D0200FB2C0C /* cxzyzTests.m */,
				A91CCC5619D93D0200FB2C0C /* Supporting Files */,
			);
			path = cxzyzTests;
			sourceTree = "<group>";
		};
		A91CCC5619D93D0200FB2C0C /* Supporting Files */ = {
			isa = PBXGroup;
			children = (
				A91CCC5719D93D0200FB2C0C /* cxzyzTests-Info.plist */,
				A91CCC5819D93D0200FB2C0C /* InfoPlist.strings */,
			);
			name = "Supporting Files";
			sourceTree = "<group>";
		};
		A9F7710219D9455100B0B111 /* AFNetworking */ = {
			isa = PBXGroup;
			children = (
				A9F7710319D9455100B0B111 /* AFHTTPRequestOperation.h */,
				A9F7710419D9455100B0B111 /* AFHTTPRequestOperation.m */,
				A9F7710519D9455100B0B111 /* AFHTTPRequestOperationManager.h */,
				A9F7710619D9455100B0B111 /* AFHTTPRequestOperationManager.m */,
				A9F7710719D9455100B0B111 /* AFHTTPSessionManager.h */,
				A9F7710819D9455100B0B111 /* AFHTTPSessionManager.m */,
				A9F7710919D9455100B0B111 /* AFNetworking.h */,
				A9F7710A19D9455100B0B111 /* AFNetworkReachabilityManager.h */,
				A9F7710B19D9455100B0B111 /* AFNetworkReachabilityManager.m */,
				A9F7710C19D9455100B0B111 /* AFSecurityPolicy.h */,
				A9F7710D19D9455100B0B111 /* AFSecurityPolicy.m */,
				A9F7710E19D9455100B0B111 /* AFURLConnectionOperation.h */,
				A9F7710F19D9455100B0B111 /* AFURLConnectionOperation.m */,
				A9F7711019D9455100B0B111 /* AFURLRequestSerialization.h */,
				A9F7711119D9455100B0B111 /* AFURLRequestSerialization.m */,
				A9F7711219D9455100B0B111 /* AFURLResponseSerialization.h */,
				A9F7711319D9455100B0B111 /* AFURLResponseSerialization.m */,
				A9F7711419D9455100B0B111 /* AFURLSessionManager.h */,
				A9F7711519D9455100B0B111 /* AFURLSessionManager.m */,
			);
			path = AFNetworking;
			sourceTree = "<group>";
		};
/* End PBXGroup section */

/* Begin PBXNativeTarget section */
		A91CCC2C19D93D0200FB2C0C /* cxzyz */ = {
			isa = PBXNativeTarget;
			buildConfigurationList = A91CCC5F19D93D0200FB2C0C /* Build configuration list for PBXNativeTarget "cxzyz" */;
			buildPhases = (
				A91CCC2919D93D0200FB2C0C /* Sources */,
				A91CCC2A19D93D0200FB2C0C /* Frameworks */,
				A91CCC2B19D93D0200FB2C0C /* Resources */,
			);
			buildRules = (
			);
			dependencies = (
			);
			name = cxzyz;
			productName = cxzyz;
			productReference = A91CCC2D19D93D0200FB2C0C /* cxzyz.app */;
			productType = "com.apple.product-type.application";
		};
		A91CCC4D19D93D0200FB2C0C /* cxzyzTests */ = {
			isa = PBXNativeTarget;
			buildConfigurationList = A91CCC6219D93D0200FB2C0C /* Build configuration list for PBXNativeTarget "cxzyzTests" */;
			buildPhases = (
				A91CCC4A19D93D0200FB2C0C /* Sources */,
				A91CCC4B19D93D0200FB2C0C /* Frameworks */,
				A91CCC4C19D93D0200FB2C0C /* Resources */,
			);
			buildRules = (
			);
			dependencies = (
				A91CCC5419D93D0200FB2C0C /* PBXTargetDependency */,
			);
			name = cxzyzTests;
			productName = cxzyzTests;
			productReference = A91CCC4E19D93D0200FB2C0C /* cxzyzTests.xctest */;
			productType = "com.apple.product-type.bundle.unit-test";
		};
/* End PBXNativeTarget section */

/* Begin PBXProject section */
		A91CCC2519D93D0200FB2C0C /* Project object */ = {
			isa = PBXProject;
			attributes = {
				CLASSPREFIX = pp;
				LastUpgradeCheck = 0510;
				ORGANIZATIONNAME = xxstream;
				TargetAttributes = {
					A91CCC2C19D93D0200FB2C0C = {
						DevelopmentTeam = 5E353JQ4CS;
					};
					A91CCC4D19D93D0200FB2C0C = {
						TestTargetID = A91CCC2C19D93D0200FB2C0C;
					};
				};
			};
			buildConfigurationList = A91CCC2819D93D0200FB2C0C /* Build configuration list for PBXProject "cxzyz" */;
			compatibilityVersion = "Xcode 3.2";
			developmentRegion = English;
			hasScannedForEncodings = 0;
			knownRegions = (
				en,
				Base,
			);
			mainGroup = A91CCC2419D93D0200FB2C0C;
			productRefGroup = A91CCC2E19D93D0200FB2C0C /* Products */;
			projectDirPath = "";
			projectRoot = "";
			targets = (
				A91CCC2C19D93D0200FB2C0C /* cxzyz */,
				A91CCC4D19D93D0200FB2C0C /* cxzyzTests */,
			);
		};
/* End PBXProject section */

/* Begin PBXResourcesBuildPhase section */
		A91CCC2B19D93D0200FB2C0C /* Resources */ = {
			isa = PBXResourcesBuildPhase;
			buildActionMask = 2147483647;
			files = (
				A91CCC4919D93D0200FB2C0C /* Images.xcassets in Resources */,
				A97219FA19EBADEC0031E0AB /* background.png in Resources */,
				A99820F319EBC88100A8F2B2 /* Icon.png in Resources */,
				A95F499B19D96EC700EF307C /* text.html in Resources */,
				A99820F119EBC7D500A8F2B2 /* icon.jpg in Resources */,
				A9A5636D19EB707700DC3449 /* ppMoreOptionsViewController.xib in Resources */,
				A9ED802219D95DE300100351 /* ppProjectLIstViewController.xib in Resources */,
				A9A5636119EB5A5D00DC3449 /* loginback.png in Resources */,
				A9A5636819EB68DE00DC3449 /* menubackground.jpg in Resources */,
				A91CCC6E19D93FC100FB2C0C /* ppMenuViewController.xib in Resources */,
				A9A5637219EB755D00DC3449 /* ppMyProjectsViewController.xib in Resources */,
				A97219F819EBAB130031E0AB /* ppMyProfileViewController.xib in Resources */,
				A9A5636619EB62B800DC3449 /* ppRegisterViewController.xib in Resources */,
				A97219FF19EBBE180031E0AB /* ppCardReaderViewController.xib in Resources */,
				A95F499919D96D7C00EF307C /* abc.png in Resources */,
				A91CCC3B19D93D0200FB2C0C /* InfoPlist.strings in Resources */,
				A91CCC6919D93D6400FB2C0C /* ppSigninViewController.xib in Resources */,
				A9ED802719D9672900100351 /* ppProjectDetailViewController.xib in Resources */,
			);
			runOnlyForDeploymentPostprocessing = 0;
		};
		A91CCC4C19D93D0200FB2C0C /* Resources */ = {
			isa = PBXResourcesBuildPhase;
			buildActionMask = 2147483647;
			files = (
				A91CCC5A19D93D0200FB2C0C /* InfoPlist.strings in Resources */,
			);
			runOnlyForDeploymentPostprocessing = 0;
		};
/* End PBXResourcesBuildPhase section */

/* Begin PBXSourcesBuildPhase section */
		A91CCC2919D93D0200FB2C0C /* Sources */ = {
			isa = PBXSourcesBuildPhase;
			buildActionMask = 2147483647;
			files = (
				A9F7711B19D9455200B0B111 /* AFURLConnectionOperation.m in Sources */,
				A9F7711619D9455100B0B111 /* AFHTTPRequestOperation.m in Sources */,
				A9A5636C19EB707700DC3449 /* ppMoreOptionsViewController.m in Sources */,
				A9F7711919D9455200B0B111 /* AFNetworkReachabilityManager.m in Sources */,
				A9ED802619D9672900100351 /* ppProjectDetailViewController.m in Sources */,
				A9A5637119EB755D00DC3449 /* ppMyProjectsViewController.m in Sources */,
				A9F7711E19D9455200B0B111 /* AFURLSessionManager.m in Sources */,
				A9F7711C19D9455200B0B111 /* AFURLRequestSerialization.m in Sources */,
				A91CCC4719D93D0200FB2C0C /* ppViewController.m in Sources */,
				A9A5636519EB62B800DC3449 /* ppRegisterViewController.m in Sources */,
				A9F7711D19D9455200B0B111 /* AFURLResponseSerialization.m in Sources */,
				A97219F319EBA8020031E0AB /* QBFlatButton.m in Sources */,
				A9ED802119D95DE300100351 /* ppProjectLIstViewController.m in Sources */,
				A91CCC4119D93D0200FB2C0C /* ppAppDelegate.m in Sources */,
				A91CCC6D19D93FC100FB2C0C /* ppMenuViewController.m in Sources */,
				A97219FE19EBBE180031E0AB /* ppCardReaderViewController.m in Sources */,
				A9F7711719D9455100B0B111 /* AFHTTPRequestOperationManager.m in Sources */,
				A9F7711A19D9455200B0B111 /* AFSecurityPolicy.m in Sources */,
				A91CCC6819D93D6400FB2C0C /* ppSigninViewController.m in Sources */,
				A97219F719EBAB130031E0AB /* ppMyProfileViewController.m in Sources */,
				A91CCC3D19D93D0200FB2C0C /* main.m in Sources */,
				A9F7711819D9455100B0B111 /* AFHTTPSessionManager.m in Sources */,
			);
			runOnlyForDeploymentPostprocessing = 0;
		};
		A91CCC4A19D93D0200FB2C0C /* Sources */ = {
			isa = PBXSourcesBuildPhase;
			buildActionMask = 2147483647;
			files = (
				A91CCC5C19D93D0200FB2C0C /* cxzyzTests.m in Sources */,
			);
			runOnlyForDeploymentPostprocessing = 0;
		};
/* End PBXSourcesBuildPhase section */

/* Begin PBXTargetDependency section */
		A91CCC5419D93D0200FB2C0C /* PBXTargetDependency */ = {
			isa = PBXTargetDependency;
			target = A91CCC2C19D93D0200FB2C0C /* cxzyz */;
			targetProxy = A91CCC5319D93D0200FB2C0C /* PBXContainerItemProxy */;
		};
/* End PBXTargetDependency section */

/* Begin PBXVariantGroup section */
		A91CCC3919D93D0200FB2C0C /* InfoPlist.strings */ = {
			isa = PBXVariantGroup;
			children = (
				A91CCC3A19D93D0200FB2C0C /* en */,
			);
			name = InfoPlist.strings;
			sourceTree = "<group>";
		};
		A91CCC5819D93D0200FB2C0C /* InfoPlist.strings */ = {
			isa = PBXVariantGroup;
			children = (
				A91CCC5919D93D0200FB2C0C /* en */,
			);
			name = InfoPlist.strings;
			sourceTree = "<group>";
		};
/* End PBXVariantGroup section */

/* Begin XCBuildConfiguration section */
		A91CCC5D19D93D0200FB2C0C /* Debug */ = {
			isa = XCBuildConfiguration;
			buildSettings = {
				ALWAYS_SEARCH_USER_PATHS = NO;
				CLANG_CXX_LANGUAGE_STANDARD = "gnu++0x";
				CLANG_CXX_LIBRARY = "libc++";
				CLANG_ENABLE_MODULES = YES;
				CLANG_ENABLE_OBJC_ARC = YES;
				CLANG_WARN_BOOL_CONVERSION = YES;
				CLANG_WARN_CONSTANT_CONVERSION = YES;
				CLANG_WARN_DIRECT_OBJC_ISA_USAGE = YES_ERROR;
				CLANG_WARN_EMPTY_BODY = YES;
				CLANG_WARN_ENUM_CONVERSION = YES;
				CLANG_WARN_INT_CONVERSION = YES;
				CLANG_WARN_OBJC_ROOT_CLASS = YES_ERROR;
				CLANG_WARN__DUPLICATE_METHOD_MATCH = YES;
				CODE_SIGN_IDENTITY = "iPhone Distribution";
				"CODE_SIGN_IDENTITY[sdk=iphoneos*]" = "iPhone Distribution: Shanghai Alldream Network Technology Co., Ltd.";
				COPY_PHASE_STRIP = NO;
				GCC_C_LANGUAGE_STANDARD = gnu99;
				GCC_DYNAMIC_NO_PIC = NO;
				GCC_OPTIMIZATION_LEVEL = 0;
				GCC_PREPROCESSOR_DEFINITIONS = (
					"DEBUG=1",
					"$(inherited)",
				);
				GCC_SYMBOLS_PRIVATE_EXTERN = NO;
				GCC_WARN_64_TO_32_BIT_CONVERSION = YES;
				GCC_WARN_ABOUT_RETURN_TYPE = YES_ERROR;
				GCC_WARN_UNDECLARED_SELECTOR = YES;
				GCC_WARN_UNINITIALIZED_AUTOS = YES_AGGRESSIVE;
				GCC_WARN_UNUSED_FUNCTION = YES;
				GCC_WARN_UNUSED_VARIABLE = YES;
				IPHONEOS_DEPLOYMENT_TARGET = 7.1;
				ONLY_ACTIVE_ARCH = YES;
				SDKROOT = iphoneos;
			};
			name = Debug;
		};
		A91CCC5E19D93D0200FB2C0C /* Release */ = {
			isa = XCBuildConfiguration;
			buildSettings = {
				ALWAYS_SEARCH_USER_PATHS = NO;
				CLANG_CXX_LANGUAGE_STANDARD = "gnu++0x";
				CLANG_CXX_LIBRARY = "libc++";
				CLANG_ENABLE_MODULES = YES;
				CLANG_ENABLE_OBJC_ARC = YES;
				CLANG_WARN_BOOL_CONVERSION = YES;
				CLANG_WARN_CONSTANT_CONVERSION = YES;
				CLANG_WARN_DIRECT_OBJC_ISA_USAGE = YES_ERROR;
				CLANG_WARN_EMPTY_BODY = YES;
				CLANG_WARN_ENUM_CONVERSION = YES;
				CLANG_WARN_INT_CONVERSION = YES;
				CLANG_WARN_OBJC_ROOT_CLASS = YES_ERROR;
				CLANG_WARN__DUPLICATE_METHOD_MATCH = YES;
				CODE_SIGN_IDENTITY = "iPhone Distribution";
				"CODE_SIGN_IDENTITY[sdk=iphoneos*]" = "iPhone Distribution: Shanghai Alldream Network Technology Co., Ltd.";
				COPY_PHASE_STRIP = YES;
				ENABLE_NS_ASSERTIONS = NO;
				GCC_C_LANGUAGE_STANDARD = gnu99;
				GCC_WARN_64_TO_32_BIT_CONVERSION = YES;
				GCC_WARN_ABOUT_RETURN_TYPE = YES_ERROR;
				GCC_WARN_UNDECLARED_SELECTOR = YES;
				GCC_WARN_UNINITIALIZED_AUTOS = YES_AGGRESSIVE;
				GCC_WARN_UNUSED_FUNCTION = YES;
				GCC_WARN_UNUSED_VARIABLE = YES;
				IPHONEOS_DEPLOYMENT_TARGET = 7.1;
				SDKROOT = iphoneos;
				VALIDATE_PRODUCT = YES;
			};
			name = Release;
		};
		A91CCC6019D93D0200FB2C0C /* Debug */ = {
			isa = XCBuildConfiguration;
			buildSettings = {
				ASSETCATALOG_COMPILER_APPICON_NAME = "AppIcon-2";
				ASSETCATALOG_COMPILER_LAUNCHIMAGE_NAME = LaunchImage;
				CODE_SIGN_IDENTITY = "iPhone Distribution";
				"CODE_SIGN_IDENTITY[sdk=iphoneos*]" = "iPhone Distribution";
				GCC_PRECOMPILE_PREFIX_HEADER = YES;
				GCC_PREFIX_HEADER = "cxzyz/cxzyz-Prefix.pch";
				INFOPLIST_FILE = "cxzyz/cxzyz-Info.plist";
				IPHONEOS_DEPLOYMENT_TARGET = 7.0;
				PRODUCT_NAME = "$(TARGET_NAME)";
				PROVISIONING_PROFILE = "8232ACB9-23B5-4BAA-B645-10CCFBAB7583";
				WRAPPER_EXTENSION = app;
			};
			name = Debug;
		};
		A91CCC6119D93D0200FB2C0C /* Release */ = {
			isa = XCBuildConfiguration;
			buildSettings = {
				ASSETCATALOG_COMPILER_APPICON_NAME = "AppIcon-2";
				ASSETCATALOG_COMPILER_LAUNCHIMAGE_NAME = LaunchImage;
				CODE_SIGN_IDENTITY = "iPhone Distribution";
				"CODE_SIGN_IDENTITY[sdk=iphoneos*]" = "iPhone Distribution";
				GCC_PRECOMPILE_PREFIX_HEADER = YES;
				GCC_PREFIX_HEADER = "cxzyz/cxzyz-Prefix.pch";
				INFOPLIST_FILE = "cxzyz/cxzyz-Info.plist";
				IPHONEOS_DEPLOYMENT_TARGET = 7.0;
				PRODUCT_NAME = "$(TARGET_NAME)";
				PROVISIONING_PROFILE = "8232ACB9-23B5-4BAA-B645-10CCFBAB7583";
				WRAPPER_EXTENSION = app;
			};
			name = Release;
		};
		A91CCC6319D93D0200FB2C0C /* Debug */ = {
			isa = XCBuildConfiguration;
			buildSettings = {
				BUNDLE_LOADER = "$(BUILT_PRODUCTS_DIR)/cxzyz.app/cxzyz";
				FRAMEWORK_SEARCH_PATHS = (
					"$(SDKROOT)/Developer/Library/Frameworks",
					"$(inherited)",
					"$(DEVELOPER_FRAMEWORKS_DIR)",
				);
				GCC_PRECOMPILE_PREFIX_HEADER = YES;
				GCC_PREFIX_HEADER = "cxzyz/cxzyz-Prefix.pch";
				GCC_PREPROCESSOR_DEFINITIONS = (
					"DEBUG=1",
					"$(inherited)",
				);
				INFOPLIST_FILE = "cxzyzTests/cxzyzTests-Info.plist";
				PRODUCT_NAME = "$(TARGET_NAME)";
				TEST_HOST = "$(BUNDLE_LOADER)";
				WRAPPER_EXTENSION = xctest;
			};
			name = Debug;
		};
		A91CCC6419D93D0200FB2C0C /* Release */ = {
			isa = XCBuildConfiguration;
			buildSettings = {
				BUNDLE_LOADER = "$(BUILT_PRODUCTS_DIR)/cxzyz.app/cxzyz";
				FRAMEWORK_SEARCH_PATHS = (
					"$(SDKROOT)/Developer/Library/Frameworks",
					"$(inherited)",
					"$(DEVELOPER_FRAMEWORKS_DIR)",
				);
				GCC_PRECOMPILE_PREFIX_HEADER = YES;
				GCC_PREFIX_HEADER = "cxzyz/cxzyz-Prefix.pch";
				INFOPLIST_FILE = "cxzyzTests/cxzyzTests-Info.plist";
				PRODUCT_NAME = "$(TARGET_NAME)";
				TEST_HOST = "$(BUNDLE_LOADER)";
				WRAPPER_EXTENSION = xctest;
			};
			name = Release;
		};
/* End XCBuildConfiguration section */

/* Begin XCConfigurationList section */
		A91CCC2819D93D0200FB2C0C /* Build configuration list for PBXProject "cxzyz" */ = {
			isa = XCConfigurationList;
			buildConfigurations = (
				A91CCC5D19D93D0200FB2C0C /* Debug */,
				A91CCC5E19D93D0200FB2C0C /* Release */,
			);
			defaultConfigurationIsVisible = 0;
			defaultConfigurationName = Release;
		};
		A91CCC5F19D93D0200FB2C0C /* Build configuration list for PBXNativeTarget "cxzyz" */ = {
			isa = XCConfigurationList;
			buildConfigurations = (
				A91CCC6019D93D0200FB2C0C /* Debug */,
				A91CCC6119D93D0200FB2C0C /* Release */,
			);
			defaultConfigurationIsVisible = 0;
			defaultConfigurationName = Release;
		};
		A91CCC6219D93D0200FB2C0C /* Build configuration list for PBXNativeTarget "cxzyzTests" */ = {
			isa = XCConfigurationList;
			buildConfigurations = (
				A91CCC6319D93D0200FB2C0C /* Debug */,
				A91CCC6419D93D0200FB2C0C /* Release */,
			);
			defaultConfigurationIsVisible = 0;
			defaultConfigurationName = Release;
		};
/* End XCConfigurationList section */
	};
	rootObject = A91CCC2519D93D0200FB2C0C /* Project object */;
}
